{
  "object": {
    "pins": [
      {
        "package": "DJWBuilderNS",
        "repositoryURL": "https://gitlab.com/trevorsonic/DJWBuilderNS.git",
        "state": {
          "branch": null,
          "revision": "826c059a34f4daab0a081c58cd03a783078991fa",
          "version": "1.0.20"
        }
      }
    ]
  },
  "version": 1
}
